PODS:
  - Alamofire (4.7.3)
  - SwiftyJSON (4.2.0)

DEPENDENCIES:
  - Alamofire (~> 4.7)
  - SwiftyJSON (~> 4.2)

SPEC CHECKSUMS:
  Alamofire: c7287b6e5d7da964a70935e5db17046b7fde6568
  SwiftyJSON: c4bcba26dd9ec7a027fc8eade48e2c911f229e96

PODFILE CHECKSUM: 840872bd1cd387f754f5ae17970414a89fa39663

COCOAPODS: 1.4.0
